// !$*UTF8*$!
{
	archiveVersion = 1;
	classes = {
	};
	objectVersion = 55;
	objects = {

/* Begin PBXBuildFile section */
		F20B34C72A4A86C7004CA9F9 /* StatusBoxModel.swift in Sources */ = {isa = PBXBuildFile; fileRef = F20B34C62A4A86C7004CA9F9 /* StatusBoxModel.swift */; };
		F2154F8228D9E25500CF8063 /* NewChazaraScheduleView.swift in Sources */ = {isa = PBXBuildFile; fileRef = F2154F8128D9E25500CF8063 /* NewChazaraScheduleView.swift */; };
		F218147929814940002D35C4 /* Storage.swift in Sources */ = {isa = PBXBuildFile; fileRef = F218147829814940002D35C4 /* Storage.swift */; };
		F243EC962A23FB78001093C9 /* EditSectionView.swift in Sources */ = {isa = PBXBuildFile; fileRef = F243EC952A23FB78001093C9 /* EditSectionView.swift */; };
		F24A39C029840CE800D68B56 /* SettingsView.swift in Sources */ = {isa = PBXBuildFile; fileRef = F24A39BF29840CE800D68B56 /* SettingsView.swift */; };
		F28133222A9008C5000AE451 /* Tools.swift in Sources */ = {isa = PBXBuildFile; fileRef = F28133212A9008C5000AE451 /* Tools.swift */; };
		F28D23EE28E5BF6D006CFB1B /* EditChazaraScheduleView.swift in Sources */ = {isa = PBXBuildFile; fileRef = F28D23ED28E5BF6D006CFB1B /* EditChazaraScheduleView.swift */; };
		F28ED0A028D7B4A6005995D4 /* NewSectionView.swift in Sources */ = {isa = PBXBuildFile; fileRef = F28ED09F28D7B4A6005995D4 /* NewSectionView.swift */; };
		F2A970B72B5C9985003F97B9 /* ManageLimudView.swift in Sources */ = {isa = PBXBuildFile; fileRef = F2A970B62B5C9985003F97B9 /* ManageLimudView.swift */; };
		F2D1B4EC2A23C86D002B2E2A /* PointNote.swift in Sources */ = {isa = PBXBuildFile; fileRef = F2D1B4EB2A23C86D002B2E2A /* PointNote.swift */; };
		F2E0E5C1296D9FE700F3575B /* IDGenerator.swift in Sources */ = {isa = PBXBuildFile; fileRef = F2E0E5C0296D9FE700F3575B /* IDGenerator.swift */; };
		F2E0E5C3296DACE700F3575B /* ChazaraPoint.swift in Sources */ = {isa = PBXBuildFile; fileRef = F2E0E5C2296DACE700F3575B /* ChazaraPoint.swift */; };
		F2E0E5C5296DAF9A00F3575B /* Dashboard.swift in Sources */ = {isa = PBXBuildFile; fileRef = F2E0E5C4296DAF9A00F3575B /* Dashboard.swift */; };
		F2E0E5C7296DAFC800F3575B /* DashboardModel.swift in Sources */ = {isa = PBXBuildFile; fileRef = F2E0E5C6296DAFC800F3575B /* DashboardModel.swift */; };
		F2E0E5C9296DC92200F3575B /* UI.swift in Sources */ = {isa = PBXBuildFile; fileRef = F2E0E5C8296DC92200F3575B /* UI.swift */; };
		F2E0E5CB297ACA1700F3575B /* ChazaraStatus.swift in Sources */ = {isa = PBXBuildFile; fileRef = F2E0E5CA297ACA1700F3575B /* ChazaraStatus.swift */; };
		F2E561CB28D88B1A0078BE02 /* ContentViewModel.swift in Sources */ = {isa = PBXBuildFile; fileRef = F2E561CA28D88B1A0078BE02 /* ContentViewModel.swift */; };
		F2E7990328D900D300295041 /* GraphView.swift in Sources */ = {isa = PBXBuildFile; fileRef = F2E7990228D900D300295041 /* GraphView.swift */; };
		F2E7990528D900FF00295041 /* GraphViewModel.swift in Sources */ = {isa = PBXBuildFile; fileRef = F2E7990428D900FF00295041 /* GraphViewModel.swift */; };
		F2FE271E28D29E7C006CFDFA /* ChazerApp.swift in Sources */ = {isa = PBXBuildFile; fileRef = F2FE271D28D29E7C006CFDFA /* ChazerApp.swift */; };
		F2FE272028D29E7C006CFDFA /* ContentView.swift in Sources */ = {isa = PBXBuildFile; fileRef = F2FE271F28D29E7C006CFDFA /* ContentView.swift */; };
		F2FE272228D29E7D006CFDFA /* Assets.xcassets in Resources */ = {isa = PBXBuildFile; fileRef = F2FE272128D29E7D006CFDFA /* Assets.xcassets */; };
		F2FE272528D29E7D006CFDFA /* Preview Assets.xcassets in Resources */ = {isa = PBXBuildFile; fileRef = F2FE272428D29E7D006CFDFA /* Preview Assets.xcassets */; };
		F2FE272728D29E7E006CFDFA /* Persistence.swift in Sources */ = {isa = PBXBuildFile; fileRef = F2FE272628D29E7E006CFDFA /* Persistence.swift */; };
		F2FE272A28D29E7E006CFDFA /* Chazer.xcdatamodeld in Sources */ = {isa = PBXBuildFile; fileRef = F2FE272828D29E7E006CFDFA /* Chazer.xcdatamodeld */; };
		F2FE273428D29E7E006CFDFA /* ChazerTests.swift in Sources */ = {isa = PBXBuildFile; fileRef = F2FE273328D29E7E006CFDFA /* ChazerTests.swift */; };
		F2FE273E28D29E7E006CFDFA /* ChazerUITests.swift in Sources */ = {isa = PBXBuildFile; fileRef = F2FE273D28D29E7E006CFDFA /* ChazerUITests.swift */; };
		F2FE274028D29E7E006CFDFA /* ChazerUITestsLaunchTests.swift in Sources */ = {isa = PBXBuildFile; fileRef = F2FE273F28D29E7E006CFDFA /* ChazerUITestsLaunchTests.swift */; };
		F2FE274D28D29E8E006CFDFA /* Chazer.swift in Sources */ = {isa = PBXBuildFile; fileRef = F2FE274C28D29E8E006CFDFA /* Chazer.swift */; };
		F2FE274F28D29EBB006CFDFA /* NewLimudView.swift in Sources */ = {isa = PBXBuildFile; fileRef = F2FE274E28D29EBB006CFDFA /* NewLimudView.swift */; };
/* End PBXBuildFile section */

/* Begin PBXContainerItemProxy section */
		F2FE273028D29E7E006CFDFA /* PBXContainerItemProxy */ = {
			isa = PBXContainerItemProxy;
			containerPortal = F2FE271228D29E7C006CFDFA /* Project object */;
			proxyType = 1;
			remoteGlobalIDString = F2FE271928D29E7C006CFDFA;
			remoteInfo = Chazer;
		};
		F2FE273A28D29E7E006CFDFA /* PBXContainerItemProxy */ = {
			isa = PBXContainerItemProxy;
			containerPortal = F2FE271228D29E7C006CFDFA /* Project object */;
			proxyType = 1;
			remoteGlobalIDString = F2FE271928D29E7C006CFDFA;
			remoteInfo = Chazer;
		};
/* End PBXContainerItemProxy section */

/* Begin PBXFileReference section */
		F20B34C62A4A86C7004CA9F9 /* StatusBoxModel.swift */ = {isa = PBXFileReference; lastKnownFileType = sourcecode.swift; path = StatusBoxModel.swift; sourceTree = "<group>"; };
		F20D9DA12C3C000E00C43407 /* Chazer 8.xcdatamodel */ = {isa = PBXFileReference; lastKnownFileType = wrapper.xcdatamodel; path = "Chazer 8.xcdatamodel"; sourceTree = "<group>"; };
		F2154F8128D9E25500CF8063 /* NewChazaraScheduleView.swift */ = {isa = PBXFileReference; lastKnownFileType = sourcecode.swift; path = NewChazaraScheduleView.swift; sourceTree = "<group>"; };
		F218147829814940002D35C4 /* Storage.swift */ = {isa = PBXFileReference; lastKnownFileType = sourcecode.swift; path = Storage.swift; sourceTree = "<group>"; };
		F243EC952A23FB78001093C9 /* EditSectionView.swift */ = {isa = PBXFileReference; lastKnownFileType = sourcecode.swift; path = EditSectionView.swift; sourceTree = "<group>"; };
		F24A39BF29840CE800D68B56 /* SettingsView.swift */ = {isa = PBXFileReference; lastKnownFileType = sourcecode.swift; path = SettingsView.swift; sourceTree = "<group>"; };
		F24D4960297CCDBB004C3DAE /* Chazer 2.xcdatamodel */ = {isa = PBXFileReference; lastKnownFileType = wrapper.xcdatamodel; path = "Chazer 2.xcdatamodel"; sourceTree = "<group>"; };
		F25F451429894BAF00BBCA1D /* Chazer 3.xcdatamodel */ = {isa = PBXFileReference; lastKnownFileType = wrapper.xcdatamodel; path = "Chazer 3.xcdatamodel"; sourceTree = "<group>"; };
		F28133212A9008C5000AE451 /* Tools.swift */ = {isa = PBXFileReference; lastKnownFileType = sourcecode.swift; path = Tools.swift; sourceTree = "<group>"; };
		F28D23ED28E5BF6D006CFB1B /* EditChazaraScheduleView.swift */ = {isa = PBXFileReference; lastKnownFileType = sourcecode.swift; path = EditChazaraScheduleView.swift; sourceTree = "<group>"; };
		F28ED09F28D7B4A6005995D4 /* NewSectionView.swift */ = {isa = PBXFileReference; lastKnownFileType = sourcecode.swift; path = NewSectionView.swift; sourceTree = "<group>"; };
		F2A970B62B5C9985003F97B9 /* ManageLimudView.swift */ = {isa = PBXFileReference; lastKnownFileType = sourcecode.swift; path = ManageLimudView.swift; sourceTree = "<group>"; };
		F2B04BBC29F4E6BD0018F8FA /* Chazer 4.xcdatamodel */ = {isa = PBXFileReference; lastKnownFileType = wrapper.xcdatamodel; path = "Chazer 4.xcdatamodel"; sourceTree = "<group>"; };
		F2B920C229FC048200A2C8D9 /* Chazer 5.xcdatamodel */ = {isa = PBXFileReference; lastKnownFileType = wrapper.xcdatamodel; path = "Chazer 5.xcdatamodel"; sourceTree = "<group>"; };
		F2CDDBA62AA41E5100BE0175 /* Info.plist */ = {isa = PBXFileReference; lastKnownFileType = text.plist; path = Info.plist; sourceTree = "<group>"; };
		F2D1B4EB2A23C86D002B2E2A /* PointNote.swift */ = {isa = PBXFileReference; lastKnownFileType = sourcecode.swift; path = PointNote.swift; sourceTree = "<group>"; };
		F2D1B4ED2A23CB01002B2E2A /* Chazer 6.xcdatamodel */ = {isa = PBXFileReference; lastKnownFileType = wrapper.xcdatamodel; path = "Chazer 6.xcdatamodel"; sourceTree = "<group>"; };
		F2E0E5C0296D9FE700F3575B /* IDGenerator.swift */ = {isa = PBXFileReference; lastKnownFileType = sourcecode.swift; path = IDGenerator.swift; sourceTree = "<group>"; };
		F2E0E5C2296DACE700F3575B /* ChazaraPoint.swift */ = {isa = PBXFileReference; lastKnownFileType = sourcecode.swift; path = ChazaraPoint.swift; sourceTree = "<group>"; };
		F2E0E5C4296DAF9A00F3575B /* Dashboard.swift */ = {isa = PBXFileReference; lastKnownFileType = sourcecode.swift; path = Dashboard.swift; sourceTree = "<group>"; };
		F2E0E5C6296DAFC800F3575B /* DashboardModel.swift */ = {isa = PBXFileReference; lastKnownFileType = sourcecode.swift; path = DashboardModel.swift; sourceTree = "<group>"; };
		F2E0E5C8296DC92200F3575B /* UI.swift */ = {isa = PBXFileReference; lastKnownFileType = sourcecode.swift; path = UI.swift; sourceTree = "<group>"; };
		F2E0E5CA297ACA1700F3575B /* ChazaraStatus.swift */ = {isa = PBXFileReference; lastKnownFileType = sourcecode.swift; path = ChazaraStatus.swift; sourceTree = "<group>"; };
		F2E561CA28D88B1A0078BE02 /* ContentViewModel.swift */ = {isa = PBXFileReference; lastKnownFileType = sourcecode.swift; path = ContentViewModel.swift; sourceTree = "<group>"; };
		F2E634A428D353E60039463B /* Chazer.entitlements */ = {isa = PBXFileReference; lastKnownFileType = text.plist.entitlements; path = Chazer.entitlements; sourceTree = "<group>"; };
		F2E7990228D900D300295041 /* GraphView.swift */ = {isa = PBXFileReference; lastKnownFileType = sourcecode.swift; path = GraphView.swift; sourceTree = "<group>"; };
		F2E7990428D900FF00295041 /* GraphViewModel.swift */ = {isa = PBXFileReference; lastKnownFileType = sourcecode.swift; path = GraphViewModel.swift; sourceTree = "<group>"; };
		F2EED4102BB7057500D2D99A /* Chazer 7.xcdatamodel */ = {isa = PBXFileReference; lastKnownFileType = wrapper.xcdatamodel; path = "Chazer 7.xcdatamodel"; sourceTree = "<group>"; };
		F2FE271A28D29E7C006CFDFA /* Chazer.app */ = {isa = PBXFileReference; explicitFileType = wrapper.application; includeInIndex = 0; path = Chazer.app; sourceTree = BUILT_PRODUCTS_DIR; };
		F2FE271D28D29E7C006CFDFA /* ChazerApp.swift */ = {isa = PBXFileReference; lastKnownFileType = sourcecode.swift; path = ChazerApp.swift; sourceTree = "<group>"; };
		F2FE271F28D29E7C006CFDFA /* ContentView.swift */ = {isa = PBXFileReference; lastKnownFileType = sourcecode.swift; path = ContentView.swift; sourceTree = "<group>"; };
		F2FE272128D29E7D006CFDFA /* Assets.xcassets */ = {isa = PBXFileReference; lastKnownFileType = folder.assetcatalog; path = Assets.xcassets; sourceTree = "<group>"; };
		F2FE272428D29E7D006CFDFA /* Preview Assets.xcassets */ = {isa = PBXFileReference; lastKnownFileType = folder.assetcatalog; path = "Preview Assets.xcassets"; sourceTree = "<group>"; };
		F2FE272628D29E7E006CFDFA /* Persistence.swift */ = {isa = PBXFileReference; lastKnownFileType = sourcecode.swift; path = Persistence.swift; sourceTree = "<group>"; };
		F2FE272928D29E7E006CFDFA /* Chazer.xcdatamodel */ = {isa = PBXFileReference; lastKnownFileType = wrapper.xcdatamodel; path = Chazer.xcdatamodel; sourceTree = "<group>"; };
		F2FE272F28D29E7E006CFDFA /* ChazerTests.xctest */ = {isa = PBXFileReference; explicitFileType = wrapper.cfbundle; includeInIndex = 0; path = ChazerTests.xctest; sourceTree = BUILT_PRODUCTS_DIR; };
		F2FE273328D29E7E006CFDFA /* ChazerTests.swift */ = {isa = PBXFileReference; lastKnownFileType = sourcecode.swift; path = ChazerTests.swift; sourceTree = "<group>"; };
		F2FE273928D29E7E006CFDFA /* ChazerUITests.xctest */ = {isa = PBXFileReference; explicitFileType = wrapper.cfbundle; includeInIndex = 0; path = ChazerUITests.xctest; sourceTree = BUILT_PRODUCTS_DIR; };
		F2FE273D28D29E7E006CFDFA /* ChazerUITests.swift */ = {isa = PBXFileReference; lastKnownFileType = sourcecode.swift; path = ChazerUITests.swift; sourceTree = "<group>"; };
		F2FE273F28D29E7E006CFDFA /* ChazerUITestsLaunchTests.swift */ = {isa = PBXFileReference; lastKnownFileType = sourcecode.swift; path = ChazerUITestsLaunchTests.swift; sourceTree = "<group>"; };
		F2FE274C28D29E8E006CFDFA /* Chazer.swift */ = {isa = PBXFileReference; fileEncoding = 4; lastKnownFileType = sourcecode.swift; path = Chazer.swift; sourceTree = "<group>"; };
		F2FE274E28D29EBB006CFDFA /* NewLimudView.swift */ = {isa = PBXFileReference; fileEncoding = 4; lastKnownFileType = sourcecode.swift; path = NewLimudView.swift; sourceTree = "<group>"; };
/* End PBXFileReference section */

/* Begin PBXFrameworksBuildPhase section */
		F2FE271728D29E7C006CFDFA /* Frameworks */ = {
			isa = PBXFrameworksBuildPhase;
			buildActionMask = 2147483647;
			files = (
			);
			runOnlyForDeploymentPostprocessing = 0;
		};
		F2FE272C28D29E7E006CFDFA /* Frameworks */ = {
			isa = PBXFrameworksBuildPhase;
			buildActionMask = 2147483647;
			files = (
			);
			runOnlyForDeploymentPostprocessing = 0;
		};
		F2FE273628D29E7E006CFDFA /* Frameworks */ = {
			isa = PBXFrameworksBuildPhase;
			buildActionMask = 2147483647;
			files = (
			);
			runOnlyForDeploymentPostprocessing = 0;
		};
/* End PBXFrameworksBuildPhase section */

/* Begin PBXGroup section */
		F20B34C52A4A857D004CA9F9 /* Models */ = {
			isa = PBXGroup;
			children = (
				F2E0E5C6296DAFC800F3575B /* DashboardModel.swift */,
				F20B34C62A4A86C7004CA9F9 /* StatusBoxModel.swift */,
				F2E561CA28D88B1A0078BE02 /* ContentViewModel.swift */,
				F2E7990428D900FF00295041 /* GraphViewModel.swift */,
			);
			path = Models;
			sourceTree = "<group>";
		};
		F243EC942A23D585001093C9 /* Views */ = {
			isa = PBXGroup;
			children = (
				F2FE271F28D29E7C006CFDFA /* ContentView.swift */,
				F2154F8128D9E25500CF8063 /* NewChazaraScheduleView.swift */,
				F2E7990228D900D300295041 /* GraphView.swift */,
				F2A970B62B5C9985003F97B9 /* ManageLimudView.swift */,
				F24A39BF29840CE800D68B56 /* SettingsView.swift */,
				F28ED09F28D7B4A6005995D4 /* NewSectionView.swift */,
				F2FE274E28D29EBB006CFDFA /* NewLimudView.swift */,
				F28D23ED28E5BF6D006CFB1B /* EditChazaraScheduleView.swift */,
				F2E0E5C4296DAF9A00F3575B /* Dashboard.swift */,
				F243EC952A23FB78001093C9 /* EditSectionView.swift */,
			);
			path = Views;
			sourceTree = "<group>";
		};
		F2D1B4EA2A23C864002B2E2A /* Structure */ = {
			isa = PBXGroup;
			children = (
				F2E131E52A253E4F00142365 /* Utilities */,
				F2D1B4EB2A23C86D002B2E2A /* PointNote.swift */,
				F2E0E5C2296DACE700F3575B /* ChazaraPoint.swift */,
				F2E0E5CA297ACA1700F3575B /* ChazaraStatus.swift */,
			);
			path = Structure;
			sourceTree = "<group>";
		};
		F2E131E52A253E4F00142365 /* Utilities */ = {
			isa = PBXGroup;
			children = (
				F218147829814940002D35C4 /* Storage.swift */,
			);
			path = Utilities;
			sourceTree = "<group>";
		};
		F2FE271128D29E7C006CFDFA = {
			isa = PBXGroup;
			children = (
				F2FE271C28D29E7C006CFDFA /* Chazer */,
				F2FE273228D29E7E006CFDFA /* ChazerTests */,
				F2FE273C28D29E7E006CFDFA /* ChazerUITests */,
				F2FE271B28D29E7C006CFDFA /* Products */,
			);
			sourceTree = "<group>";
		};
		F2FE271B28D29E7C006CFDFA /* Products */ = {
			isa = PBXGroup;
			children = (
				F2FE271A28D29E7C006CFDFA /* Chazer.app */,
				F2FE272F28D29E7E006CFDFA /* ChazerTests.xctest */,
				F2FE273928D29E7E006CFDFA /* ChazerUITests.xctest */,
			);
			name = Products;
			sourceTree = "<group>";
		};
		F2FE271C28D29E7C006CFDFA /* Chazer */ = {
			isa = PBXGroup;
			children = (
				F2CDDBA62AA41E5100BE0175 /* Info.plist */,
				F2E634A428D353E60039463B /* Chazer.entitlements */,
				F2FE271D28D29E7C006CFDFA /* ChazerApp.swift */,
				F2E0E5C8296DC92200F3575B /* UI.swift */,
				F28133212A9008C5000AE451 /* Tools.swift */,
				F2E0E5C0296D9FE700F3575B /* IDGenerator.swift */,
				F2FE274C28D29E8E006CFDFA /* Chazer.swift */,
				F20B34C52A4A857D004CA9F9 /* Models */,
				F243EC942A23D585001093C9 /* Views */,
				F2D1B4EA2A23C864002B2E2A /* Structure */,
				F2FE272128D29E7D006CFDFA /* Assets.xcassets */,
				F2FE272628D29E7E006CFDFA /* Persistence.swift */,
				F2FE272828D29E7E006CFDFA /* Chazer.xcdatamodeld */,
				F2FE272328D29E7D006CFDFA /* Preview Content */,
			);
			path = Chazer;
			sourceTree = "<group>";
		};
		F2FE272328D29E7D006CFDFA /* Preview Content */ = {
			isa = PBXGroup;
			children = (
				F2FE272428D29E7D006CFDFA /* Preview Assets.xcassets */,
			);
			path = "Preview Content";
			sourceTree = "<group>";
		};
		F2FE273228D29E7E006CFDFA /* ChazerTests */ = {
			isa = PBXGroup;
			children = (
				F2FE273328D29E7E006CFDFA /* ChazerTests.swift */,
			);
			path = ChazerTests;
			sourceTree = "<group>";
		};
		F2FE273C28D29E7E006CFDFA /* ChazerUITests */ = {
			isa = PBXGroup;
			children = (
				F2FE273D28D29E7E006CFDFA /* ChazerUITests.swift */,
				F2FE273F28D29E7E006CFDFA /* ChazerUITestsLaunchTests.swift */,
			);
			path = ChazerUITests;
			sourceTree = "<group>";
		};
/* End PBXGroup section */

/* Begin PBXNativeTarget section */
		F2FE271928D29E7C006CFDFA /* Chazer */ = {
			isa = PBXNativeTarget;
			buildConfigurationList = F2FE274328D29E7E006CFDFA /* Build configuration list for PBXNativeTarget "Chazer" */;
			buildPhases = (
				F2FE271628D29E7C006CFDFA /* Sources */,
				F2FE271728D29E7C006CFDFA /* Frameworks */,
				F2FE271828D29E7C006CFDFA /* Resources */,
			);
			buildRules = (
			);
			dependencies = (
			);
			name = Chazer;
			productName = Chazer;
			productReference = F2FE271A28D29E7C006CFDFA /* Chazer.app */;
			productType = "com.apple.product-type.application";
		};
		F2FE272E28D29E7E006CFDFA /* ChazerTests */ = {
			isa = PBXNativeTarget;
			buildConfigurationList = F2FE274628D29E7E006CFDFA /* Build configuration list for PBXNativeTarget "ChazerTests" */;
			buildPhases = (
				F2FE272B28D29E7E006CFDFA /* Sources */,
				F2FE272C28D29E7E006CFDFA /* Frameworks */,
				F2FE272D28D29E7E006CFDFA /* Resources */,
			);
			buildRules = (
			);
			dependencies = (
				F2FE273128D29E7E006CFDFA /* PBXTargetDependency */,
			);
			name = ChazerTests;
			productName = ChazerTests;
			productReference = F2FE272F28D29E7E006CFDFA /* ChazerTests.xctest */;
			productType = "com.apple.product-type.bundle.unit-test";
		};
		F2FE273828D29E7E006CFDFA /* ChazerUITests */ = {
			isa = PBXNativeTarget;
			buildConfigurationList = F2FE274928D29E7E006CFDFA /* Build configuration list for PBXNativeTarget "ChazerUITests" */;
			buildPhases = (
				F2FE273528D29E7E006CFDFA /* Sources */,
				F2FE273628D29E7E006CFDFA /* Frameworks */,
				F2FE273728D29E7E006CFDFA /* Resources */,
			);
			buildRules = (
			);
			dependencies = (
				F2FE273B28D29E7E006CFDFA /* PBXTargetDependency */,
			);
			name = ChazerUITests;
			productName = ChazerUITests;
			productReference = F2FE273928D29E7E006CFDFA /* ChazerUITests.xctest */;
			productType = "com.apple.product-type.bundle.ui-testing";
		};
/* End PBXNativeTarget section */

/* Begin PBXProject section */
		F2FE271228D29E7C006CFDFA /* Project object */ = {
			isa = PBXProject;
			attributes = {
				BuildIndependentTargetsInParallel = 1;
				LastSwiftUpdateCheck = 1340;
				LastUpgradeCheck = 1340;
				TargetAttributes = {
					F2FE271928D29E7C006CFDFA = {
						CreatedOnToolsVersion = 13.4.1;
					};
					F2FE272E28D29E7E006CFDFA = {
						CreatedOnToolsVersion = 13.4.1;
						TestTargetID = F2FE271928D29E7C006CFDFA;
					};
					F2FE273828D29E7E006CFDFA = {
						CreatedOnToolsVersion = 13.4.1;
						TestTargetID = F2FE271928D29E7C006CFDFA;
					};
				};
			};
			buildConfigurationList = F2FE271528D29E7C006CFDFA /* Build configuration list for PBXProject "Chazer" */;
			compatibilityVersion = "Xcode 13.0";
			developmentRegion = en;
			hasScannedForEncodings = 0;
			knownRegions = (
				en,
				Base,
			);
			mainGroup = F2FE271128D29E7C006CFDFA;
			productRefGroup = F2FE271B28D29E7C006CFDFA /* Products */;
			projectDirPath = "";
			projectRoot = "";
			targets = (
				F2FE271928D29E7C006CFDFA /* Chazer */,
				F2FE272E28D29E7E006CFDFA /* ChazerTests */,
				F2FE273828D29E7E006CFDFA /* ChazerUITests */,
			);
		};
/* End PBXProject section */

/* Begin PBXResourcesBuildPhase section */
		F2FE271828D29E7C006CFDFA /* Resources */ = {
			isa = PBXResourcesBuildPhase;
			buildActionMask = 2147483647;
			files = (
				F2FE272528D29E7D006CFDFA /* Preview Assets.xcassets in Resources */,
				F2FE272228D29E7D006CFDFA /* Assets.xcassets in Resources */,
			);
			runOnlyForDeploymentPostprocessing = 0;
		};
		F2FE272D28D29E7E006CFDFA /* Resources */ = {
			isa = PBXResourcesBuildPhase;
			buildActionMask = 2147483647;
			files = (
			);
			runOnlyForDeploymentPostprocessing = 0;
		};
		F2FE273728D29E7E006CFDFA /* Resources */ = {
			isa = PBXResourcesBuildPhase;
			buildActionMask = 2147483647;
			files = (
			);
			runOnlyForDeploymentPostprocessing = 0;
		};
/* End PBXResourcesBuildPhase section */

/* Begin PBXSourcesBuildPhase section */
		F2FE271628D29E7C006CFDFA /* Sources */ = {
			isa = PBXSourcesBuildPhase;
			buildActionMask = 2147483647;
			files = (
				F2E0E5C1296D9FE700F3575B /* IDGenerator.swift in Sources */,
				F2E561CB28D88B1A0078BE02 /* ContentViewModel.swift in Sources */,
				F2FE272A28D29E7E006CFDFA /* Chazer.xcdatamodeld in Sources */,
				F218147929814940002D35C4 /* Storage.swift in Sources */,
				F243EC962A23FB78001093C9 /* EditSectionView.swift in Sources */,
				F2E7990328D900D300295041 /* GraphView.swift in Sources */,
				F2D1B4EC2A23C86D002B2E2A /* PointNote.swift in Sources */,
				F24A39C029840CE800D68B56 /* SettingsView.swift in Sources */,
				F2FE272728D29E7E006CFDFA /* Persistence.swift in Sources */,
				F28D23EE28E5BF6D006CFB1B /* EditChazaraScheduleView.swift in Sources */,
				F2E0E5C9296DC92200F3575B /* UI.swift in Sources */,
				F2FE272028D29E7C006CFDFA /* ContentView.swift in Sources */,
				F20B34C72A4A86C7004CA9F9 /* StatusBoxModel.swift in Sources */,
				F2E0E5C5296DAF9A00F3575B /* Dashboard.swift in Sources */,
				F2E0E5C7296DAFC800F3575B /* DashboardModel.swift in Sources */,
				F2A970B72B5C9985003F97B9 /* ManageLimudView.swift in Sources */,
				F28133222A9008C5000AE451 /* Tools.swift in Sources */,
				F2E7990528D900FF00295041 /* GraphViewModel.swift in Sources */,
				F28ED0A028D7B4A6005995D4 /* NewSectionView.swift in Sources */,
				F2E0E5CB297ACA1700F3575B /* ChazaraStatus.swift in Sources */,
				F2E0E5C3296DACE700F3575B /* ChazaraPoint.swift in Sources */,
				F2FE271E28D29E7C006CFDFA /* ChazerApp.swift in Sources */,
				F2154F8228D9E25500CF8063 /* NewChazaraScheduleView.swift in Sources */,
				F2FE274D28D29E8E006CFDFA /* Chazer.swift in Sources */,
				F2FE274F28D29EBB006CFDFA /* NewLimudView.swift in Sources */,
			);
			runOnlyForDeploymentPostprocessing = 0;
		};
		F2FE272B28D29E7E006CFDFA /* Sources */ = {
			isa = PBXSourcesBuildPhase;
			buildActionMask = 2147483647;
			files = (
				F2FE273428D29E7E006CFDFA /* ChazerTests.swift in Sources */,
			);
			runOnlyForDeploymentPostprocessing = 0;
		};
		F2FE273528D29E7E006CFDFA /* Sources */ = {
			isa = PBXSourcesBuildPhase;
			buildActionMask = 2147483647;
			files = (
				F2FE273E28D29E7E006CFDFA /* ChazerUITests.swift in Sources */,
				F2FE274028D29E7E006CFDFA /* ChazerUITestsLaunchTests.swift in Sources */,
			);
			runOnlyForDeploymentPostprocessing = 0;
		};
/* End PBXSourcesBuildPhase section */

/* Begin PBXTargetDependency section */
		F2FE273128D29E7E006CFDFA /* PBXTargetDependency */ = {
			isa = PBXTargetDependency;
			target = F2FE271928D29E7C006CFDFA /* Chazer */;
			targetProxy = F2FE273028D29E7E006CFDFA /* PBXContainerItemProxy */;
		};
		F2FE273B28D29E7E006CFDFA /* PBXTargetDependency */ = {
			isa = PBXTargetDependency;
			target = F2FE271928D29E7C006CFDFA /* Chazer */;
			targetProxy = F2FE273A28D29E7E006CFDFA /* PBXContainerItemProxy */;
		};
/* End PBXTargetDependency section */

/* Begin XCBuildConfiguration section */
		F2FE274128D29E7E006CFDFA /* Debug */ = {
			isa = XCBuildConfiguration;
			buildSettings = {
				ALWAYS_SEARCH_USER_PATHS = NO;
				CLANG_ANALYZER_NONNULL = YES;
				CLANG_ANALYZER_NUMBER_OBJECT_CONVERSION = YES_AGGRESSIVE;
				CLANG_CXX_LANGUAGE_STANDARD = "gnu++17";
				CLANG_ENABLE_MODULES = YES;
				CLANG_ENABLE_OBJC_ARC = YES;
				CLANG_ENABLE_OBJC_WEAK = YES;
				CLANG_WARN_BLOCK_CAPTURE_AUTORELEASING = YES;
				CLANG_WARN_BOOL_CONVERSION = YES;
				CLANG_WARN_COMMA = YES;
				CLANG_WARN_CONSTANT_CONVERSION = YES;
				CLANG_WARN_DEPRECATED_OBJC_IMPLEMENTATIONS = YES;
				CLANG_WARN_DIRECT_OBJC_ISA_USAGE = YES_ERROR;
				CLANG_WARN_DOCUMENTATION_COMMENTS = YES;
				CLANG_WARN_EMPTY_BODY = YES;
				CLANG_WARN_ENUM_CONVERSION = YES;
				CLANG_WARN_INFINITE_RECURSION = YES;
				CLANG_WARN_INT_CONVERSION = YES;
				CLANG_WARN_NON_LITERAL_NULL_CONVERSION = YES;
				CLANG_WARN_OBJC_IMPLICIT_RETAIN_SELF = YES;
				CLANG_WARN_OBJC_LITERAL_CONVERSION = YES;
				CLANG_WARN_OBJC_ROOT_CLASS = YES_ERROR;
				CLANG_WARN_QUOTED_INCLUDE_IN_FRAMEWORK_HEADER = YES;
				CLANG_WARN_RANGE_LOOP_ANALYSIS = YES;
				CLANG_WARN_STRICT_PROTOTYPES = YES;
				CLANG_WARN_SUSPICIOUS_MOVE = YES;
				CLANG_WARN_UNGUARDED_AVAILABILITY = YES_AGGRESSIVE;
				CLANG_WARN_UNREACHABLE_CODE = YES;
				CLANG_WARN__DUPLICATE_METHOD_MATCH = YES;
				COPY_PHASE_STRIP = NO;
				DEBUG_INFORMATION_FORMAT = dwarf;
				ENABLE_STRICT_OBJC_MSGSEND = YES;
				ENABLE_TESTABILITY = YES;
				GCC_C_LANGUAGE_STANDARD = gnu11;
				GCC_DYNAMIC_NO_PIC = NO;
				GCC_NO_COMMON_BLOCKS = YES;
				GCC_OPTIMIZATION_LEVEL = 0;
				GCC_PREPROCESSOR_DEFINITIONS = (
					"DEBUG=1",
					"$(inherited)",
				);
				GCC_WARN_64_TO_32_BIT_CONVERSION = YES;
				GCC_WARN_ABOUT_RETURN_TYPE = YES_ERROR;
				GCC_WARN_UNDECLARED_SELECTOR = YES;
				GCC_WARN_UNINITIALIZED_AUTOS = YES_AGGRESSIVE;
				GCC_WARN_UNUSED_FUNCTION = YES;
				GCC_WARN_UNUSED_VARIABLE = YES;
				IPHONEOS_DEPLOYMENT_TARGET = 15.5;
				MTL_ENABLE_DEBUG_INFO = INCLUDE_SOURCE;
				MTL_FAST_MATH = YES;
				ONLY_ACTIVE_ARCH = YES;
				SDKROOT = iphoneos;
				SWIFT_ACTIVE_COMPILATION_CONDITIONS = DEBUG;
				SWIFT_OPTIMIZATION_LEVEL = "-Onone";
			};
			name = Debug;
		};
		F2FE274228D29E7E006CFDFA /* Release */ = {
			isa = XCBuildConfiguration;
			buildSettings = {
				ALWAYS_SEARCH_USER_PATHS = NO;
				CLANG_ANALYZER_NONNULL = YES;
				CLANG_ANALYZER_NUMBER_OBJECT_CONVERSION = YES_AGGRESSIVE;
				CLANG_CXX_LANGUAGE_STANDARD = "gnu++17";
				CLANG_ENABLE_MODULES = YES;
				CLANG_ENABLE_OBJC_ARC = YES;
				CLANG_ENABLE_OBJC_WEAK = YES;
				CLANG_WARN_BLOCK_CAPTURE_AUTORELEASING = YES;
				CLANG_WARN_BOOL_CONVERSION = YES;
				CLANG_WARN_COMMA = YES;
				CLANG_WARN_CONSTANT_CONVERSION = YES;
				CLANG_WARN_DEPRECATED_OBJC_IMPLEMENTATIONS = YES;
				CLANG_WARN_DIRECT_OBJC_ISA_USAGE = YES_ERROR;
				CLANG_WARN_DOCUMENTATION_COMMENTS = YES;
				CLANG_WARN_EMPTY_BODY = YES;
				CLANG_WARN_ENUM_CONVERSION = YES;
				CLANG_WARN_INFINITE_RECURSION = YES;
				CLANG_WARN_INT_CONVERSION = YES;
				CLANG_WARN_NON_LITERAL_NULL_CONVERSION = YES;
				CLANG_WARN_OBJC_IMPLICIT_RETAIN_SELF = YES;
				CLANG_WARN_OBJC_LITERAL_CONVERSION = YES;
				CLANG_WARN_OBJC_ROOT_CLASS = YES_ERROR;
				CLANG_WARN_QUOTED_INCLUDE_IN_FRAMEWORK_HEADER = YES;
				CLANG_WARN_RANGE_LOOP_ANALYSIS = YES;
				CLANG_WARN_STRICT_PROTOTYPES = YES;
				CLANG_WARN_SUSPICIOUS_MOVE = YES;
				CLANG_WARN_UNGUARDED_AVAILABILITY = YES_AGGRESSIVE;
				CLANG_WARN_UNREACHABLE_CODE = YES;
				CLANG_WARN__DUPLICATE_METHOD_MATCH = YES;
				COPY_PHASE_STRIP = NO;
				DEBUG_INFORMATION_FORMAT = "dwarf-with-dsym";
				ENABLE_NS_ASSERTIONS = NO;
				ENABLE_STRICT_OBJC_MSGSEND = YES;
				GCC_C_LANGUAGE_STANDARD = gnu11;
				GCC_NO_COMMON_BLOCKS = YES;
				GCC_WARN_64_TO_32_BIT_CONVERSION = YES;
				GCC_WARN_ABOUT_RETURN_TYPE = YES_ERROR;
				GCC_WARN_UNDECLARED_SELECTOR = YES;
				GCC_WARN_UNINITIALIZED_AUTOS = YES_AGGRESSIVE;
				GCC_WARN_UNUSED_FUNCTION = YES;
				GCC_WARN_UNUSED_VARIABLE = YES;
				IPHONEOS_DEPLOYMENT_TARGET = 15.5;
				MTL_ENABLE_DEBUG_INFO = NO;
				MTL_FAST_MATH = YES;
				SDKROOT = iphoneos;
				SWIFT_COMPILATION_MODE = wholemodule;
				SWIFT_OPTIMIZATION_LEVEL = "-O";
				VALIDATE_PRODUCT = YES;
			};
			name = Release;
		};
		F2FE274428D29E7E006CFDFA /* Debug */ = {
			isa = XCBuildConfiguration;
			buildSettings = {
				ASSETCATALOG_COMPILER_APPICON_NAME = AppIcon;
				ASSETCATALOG_COMPILER_GLOBAL_ACCENT_COLOR_NAME = AccentColor;
				ASSETCATALOG_COMPILER_INCLUDE_ALL_APPICON_ASSETS = NO;
				CODE_SIGN_ENTITLEMENTS = Chazer/Chazer.entitlements;
				CODE_SIGN_STYLE = Automatic;
				CURRENT_PROJECT_VERSION = 1;
				DEVELOPMENT_ASSET_PATHS = "\"Chazer/Preview Content\"";
				DEVELOPMENT_TEAM = YL279DNVQD;
				ENABLE_PREVIEWS = YES;
				GENERATE_INFOPLIST_FILE = YES;
				INFOPLIST_FILE = Chazer/Info.plist;
				INFOPLIST_KEY_UIApplicationSceneManifest_Generation = YES;
				INFOPLIST_KEY_UIApplicationSupportsIndirectInputEvents = YES;
				INFOPLIST_KEY_UILaunchScreen_Generation = YES;
				INFOPLIST_KEY_UISupportedInterfaceOrientations_iPad = "UIInterfaceOrientationPortrait UIInterfaceOrientationPortraitUpsideDown UIInterfaceOrientationLandscapeLeft UIInterfaceOrientationLandscapeRight";
				INFOPLIST_KEY_UISupportedInterfaceOrientations_iPhone = "UIInterfaceOrientationPortrait UIInterfaceOrientationLandscapeLeft UIInterfaceOrientationLandscapeRight";
				IPHONEOS_DEPLOYMENT_TARGET = 16.4;
				LD_RUNPATH_SEARCH_PATHS = (
					"$(inherited)",
					"@executable_path/Frameworks",
				);
				MARKETING_VERSION = 1.0;
				PRODUCT_BUNDLE_IDENTIFIER = com.reesedevelopment.Chazer;
				PRODUCT_NAME = "$(TARGET_NAME)";
				SUPPORTED_PLATFORMS = "iphoneos iphonesimulator";
				SUPPORTS_MACCATALYST = YES;
				SWIFT_EMIT_LOC_STRINGS = YES;
				SWIFT_VERSION = 5.0;
				TARGETED_DEVICE_FAMILY = "1,2";
			};
			name = Debug;
		};
		F2FE274528D29E7E006CFDFA /* Release */ = {
			isa = XCBuildConfiguration;
			buildSettings = {
				ASSETCATALOG_COMPILER_APPICON_NAME = AppIcon;
				ASSETCATALOG_COMPILER_GLOBAL_ACCENT_COLOR_NAME = AccentColor;
				ASSETCATALOG_COMPILER_INCLUDE_ALL_APPICON_ASSETS = NO;
				CODE_SIGN_ENTITLEMENTS = Chazer/Chazer.entitlements;
				CODE_SIGN_STYLE = Automatic;
				CURRENT_PROJECT_VERSION = 1;
				DEVELOPMENT_ASSET_PATHS = "\"Chazer/Preview Content\"";
				DEVELOPMENT_TEAM = YL279DNVQD;
				ENABLE_PREVIEWS = YES;
				GENERATE_INFOPLIST_FILE = YES;
				INFOPLIST_FILE = Chazer/Info.plist;
				INFOPLIST_KEY_UIApplicationSceneManifest_Generation = YES;
				INFOPLIST_KEY_UIApplicationSupportsIndirectInputEvents = YES;
				INFOPLIST_KEY_UILaunchScreen_Generation = YES;
				INFOPLIST_KEY_UISupportedInterfaceOrientations_iPad = "UIInterfaceOrientationPortrait UIInterfaceOrientationPortraitUpsideDown UIInterfaceOrientationLandscapeLeft UIInterfaceOrientationLandscapeRight";
				INFOPLIST_KEY_UISupportedInterfaceOrientations_iPhone = "UIInterfaceOrientationPortrait UIInterfaceOrientationLandscapeLeft UIInterfaceOrientationLandscapeRight";
				IPHONEOS_DEPLOYMENT_TARGET = 16.4;
				LD_RUNPATH_SEARCH_PATHS = (
					"$(inherited)",
					"@executable_path/Frameworks",
				);
				MARKETING_VERSION = 1.0;
				PRODUCT_BUNDLE_IDENTIFIER = com.reesedevelopment.Chazer;
				PRODUCT_NAME = "$(TARGET_NAME)";
				SUPPORTED_PLATFORMS = "iphoneos iphonesimulator";
				SUPPORTS_MACCATALYST = YES;
				SWIFT_EMIT_LOC_STRINGS = YES;
				SWIFT_VERSION = 5.0;
				TARGETED_DEVICE_FAMILY = "1,2";
			};
			name = Release;
		};
		F2FE274728D29E7E006CFDFA /* Debug */ = {
			isa = XCBuildConfiguration;
			buildSettings = {
				ALWAYS_EMBED_SWIFT_STANDARD_LIBRARIES = YES;
				BUNDLE_LOADER = "$(TEST_HOST)";
				CODE_SIGN_STYLE = Automatic;
				CURRENT_PROJECT_VERSION = 1;
				DEVELOPMENT_TEAM = YL279DNVQD;
				GENERATE_INFOPLIST_FILE = YES;
				IPHONEOS_DEPLOYMENT_TARGET = 15.5;
				MARKETING_VERSION = 1.0;
				PRODUCT_BUNDLE_IDENTIFIER = com.reesedevelopment.ChazerTests;
				PRODUCT_NAME = "$(TARGET_NAME)";
				SWIFT_EMIT_LOC_STRINGS = NO;
				SWIFT_VERSION = 5.0;
				TARGETED_DEVICE_FAMILY = "1,2";
				TEST_HOST = "$(BUILT_PRODUCTS_DIR)/Chazer.app/Chazer";
			};
			name = Debug;
		};
		F2FE274828D29E7E006CFDFA /* Release */ = {
			isa = XCBuildConfiguration;
			buildSettings = {
				ALWAYS_EMBED_SWIFT_STANDARD_LIBRARIES = YES;
				BUNDLE_LOADER = "$(TEST_HOST)";
				CODE_SIGN_STYLE = Automatic;
				CURRENT_PROJECT_VERSION = 1;
				DEVELOPMENT_TEAM = YL279DNVQD;
				GENERATE_INFOPLIST_FILE = YES;
				IPHONEOS_DEPLOYMENT_TARGET = 15.5;
				MARKETING_VERSION = 1.0;
				PRODUCT_BUNDLE_IDENTIFIER = com.reesedevelopment.ChazerTests;
				PRODUCT_NAME = "$(TARGET_NAME)";
				SWIFT_EMIT_LOC_STRINGS = NO;
				SWIFT_VERSION = 5.0;
				TARGETED_DEVICE_FAMILY = "1,2";
				TEST_HOST = "$(BUILT_PRODUCTS_DIR)/Chazer.app/Chazer";
			};
			name = Release;
		};
		F2FE274A28D29E7E006CFDFA /* Debug */ = {
			isa = XCBuildConfiguration;
			buildSettings = {
				ALWAYS_EMBED_SWIFT_STANDARD_LIBRARIES = YES;
				CODE_SIGN_STYLE = Automatic;
				CURRENT_PROJECT_VERSION = 1;
				DEVELOPMENT_TEAM = YL279DNVQD;
				GENERATE_INFOPLIST_FILE = YES;
				MARKETING_VERSION = 1.0;
				PRODUCT_BUNDLE_IDENTIFIER = com.reesedevelopment.ChazerUITests;
				PRODUCT_NAME = "$(TARGET_NAME)";
				SWIFT_EMIT_LOC_STRINGS = NO;
				SWIFT_VERSION = 5.0;
				TARGETED_DEVICE_FAMILY = "1,2";
				TEST_TARGET_NAME = Chazer;
			};
			name = Debug;
		};
		F2FE274B28D29E7E006CFDFA /* Release */ = {
			isa = XCBuildConfiguration;
			buildSettings = {
				ALWAYS_EMBED_SWIFT_STANDARD_LIBRARIES = YES;
				CODE_SIGN_STYLE = Automatic;
				CURRENT_PROJECT_VERSION = 1;
				DEVELOPMENT_TEAM = YL279DNVQD;
				GENERATE_INFOPLIST_FILE = YES;
				MARKETING_VERSION = 1.0;
				PRODUCT_BUNDLE_IDENTIFIER = com.reesedevelopment.ChazerUITests;
				PRODUCT_NAME = "$(TARGET_NAME)";
				SWIFT_EMIT_LOC_STRINGS = NO;
				SWIFT_VERSION = 5.0;
				TARGETED_DEVICE_FAMILY = "1,2";
				TEST_TARGET_NAME = Chazer;
			};
			name = Release;
		};
/* End XCBuildConfiguration section */

/* Begin XCConfigurationList section */
		F2FE271528D29E7C006CFDFA /* Build configuration list for PBXProject "Chazer" */ = {
			isa = XCConfigurationList;
			buildConfigurations = (
				F2FE274128D29E7E006CFDFA /* Debug */,
				F2FE274228D29E7E006CFDFA /* Release */,
			);
			defaultConfigurationIsVisible = 0;
			defaultConfigurationName = Release;
		};
		F2FE274328D29E7E006CFDFA /* Build configuration list for PBXNativeTarget "Chazer" */ = {
			isa = XCConfigurationList;
			buildConfigurations = (
				F2FE274428D29E7E006CFDFA /* Debug */,
				F2FE274528D29E7E006CFDFA /* Release */,
			);
			defaultConfigurationIsVisible = 0;
			defaultConfigurationName = Release;
		};
		F2FE274628D29E7E006CFDFA /* Build configuration list for PBXNativeTarget "ChazerTests" */ = {
			isa = XCConfigurationList;
			buildConfigurations = (
				F2FE274728D29E7E006CFDFA /* Debug */,
				F2FE274828D29E7E006CFDFA /* Release */,
			);
			defaultConfigurationIsVisible = 0;
			defaultConfigurationName = Release;
		};
		F2FE274928D29E7E006CFDFA /* Build configuration list for PBXNativeTarget "ChazerUITests" */ = {
			isa = XCConfigurationList;
			buildConfigurations = (
				F2FE274A28D29E7E006CFDFA /* Debug */,
				F2FE274B28D29E7E006CFDFA /* Release */,
			);
			defaultConfigurationIsVisible = 0;
			defaultConfigurationName = Release;
		};
/* End XCConfigurationList section */

/* Begin XCVersionGroup section */
		F2FE272828D29E7E006CFDFA /* Chazer.xcdatamodeld */ = {
			isa = XCVersionGroup;
			children = (
				F20D9DA12C3C000E00C43407 /* Chazer 8.xcdatamodel */,
				F2EED4102BB7057500D2D99A /* Chazer 7.xcdatamodel */,
				F2D1B4ED2A23CB01002B2E2A /* Chazer 6.xcdatamodel */,
				F2B920C229FC048200A2C8D9 /* Chazer 5.xcdatamodel */,
				F2B04BBC29F4E6BD0018F8FA /* Chazer 4.xcdatamodel */,
				F25F451429894BAF00BBCA1D /* Chazer 3.xcdatamodel */,
				F24D4960297CCDBB004C3DAE /* Chazer 2.xcdatamodel */,
				F2FE272928D29E7E006CFDFA /* Chazer.xcdatamodel */,
			);
			currentVersion = F20D9DA12C3C000E00C43407 /* Chazer 8.xcdatamodel */;
			path = Chazer.xcdatamodeld;
			sourceTree = "<group>";
			versionGroupType = wrapper.xcdatamodel;
		};
/* End XCVersionGroup section */
	};
	rootObject = F2FE271228D29E7C006CFDFA /* Project object */;
}
